// !$*UTF8*$!
{
	archiveVersion = 1;
	classes = {
	};
	objectVersion = 46;
	objects = {

/* Begin PBXBuildFile section */
		3CA27683171FB655001CF16B /* UIKit.framework in Frameworks */ = {isa = PBXBuildFile; fileRef = 3CA27682171FB655001CF16B /* UIKit.framework */; };
		3CA27685171FB655001CF16B /* Foundation.framework in Frameworks */ = {isa = PBXBuildFile; fileRef = 3CA27684171FB655001CF16B /* Foundation.framework */; };
		3CA27687171FB655001CF16B /* CoreGraphics.framework in Frameworks */ = {isa = PBXBuildFile; fileRef = 3CA27686171FB655001CF16B /* CoreGraphics.framework */; };
		3CA2768D171FB655001CF16B /* InfoPlist.strings in Resources */ = {isa = PBXBuildFile; fileRef = 3CA2768B171FB655001CF16B /* InfoPlist.strings */; };
		3CA2768F171FB655001CF16B /* main.m in Sources */ = {isa = PBXBuildFile; fileRef = 3CA2768E171FB655001CF16B /* main.m */; };
		3CA27693171FB655001CF16B /* AppDelegate.m in Sources */ = {isa = PBXBuildFile; fileRef = 3CA27692171FB655001CF16B /* AppDelegate.m */; };
		3CA27695171FB655001CF16B /* Default.png in Resources */ = {isa = PBXBuildFile; fileRef = 3CA27694171FB655001CF16B /* Default.png */; };
		3CA27697171FB655001CF16B /* Default@2x.png in Resources */ = {isa = PBXBuildFile; fileRef = 3CA27696171FB655001CF16B /* Default@2x.png */; };
		3CA27699171FB655001CF16B /* Default-568h@2x.png in Resources */ = {isa = PBXBuildFile; fileRef = 3CA27698171FB655001CF16B /* Default-568h@2x.png */; };
		3CA2769C171FB655001CF16B /* ViewController.m in Sources */ = {isa = PBXBuildFile; fileRef = 3CA2769B171FB655001CF16B /* ViewController.m */; };
		3CA2769F171FB655001CF16B /* ViewController_iPhone.xib in Resources */ = {isa = PBXBuildFile; fileRef = 3CA2769D171FB655001CF16B /* ViewController_iPhone.xib */; };
		3CA276A2171FB655001CF16B /* ViewController_iPad.xib in Resources */ = {isa = PBXBuildFile; fileRef = 3CA276A0171FB655001CF16B /* ViewController_iPad.xib */; };
		3CA276AA171FB771001CF16B /* QCRI-ALTRotaryWheel.m in Sources */ = {isa = PBXBuildFile; fileRef = 3CA276A9171FB771001CF16B /* QCRI-ALTRotaryWheel.m */; };
		3CA276AD171FBBF4001CF16B /* QuartzCore.framework in Frameworks */ = {isa = PBXBuildFile; fileRef = 3CA276AC171FBBF4001CF16B /* QuartzCore.framework */; };
		3CA276B0171FD1F3001CF16B /* QCRI-ALTSector.m in Sources */ = {isa = PBXBuildFile; fileRef = 3CA276AF171FD1F3001CF16B /* QCRI-ALTSector.m */; };
		3CA276C0171FDCE4001CF16B /* bg.png in Resources */ = {isa = PBXBuildFile; fileRef = 3CA276B2171FDCE4001CF16B /* bg.png */; };
		3CA276C1171FDCE4001CF16B /* centerButton.png in Resources */ = {isa = PBXBuildFile; fileRef = 3CA276B3171FDCE4001CF16B /* centerButton.png */; };
		3CA276C2171FDCE4001CF16B /* icon0.png in Resources */ = {isa = PBXBuildFile; fileRef = 3CA276B4171FDCE4001CF16B /* icon0.png */; };
		3CA276C3171FDCE4001CF16B /* icon1.png in Resources */ = {isa = PBXBuildFile; fileRef = 3CA276B5171FDCE4001CF16B /* icon1.png */; };
		3CA276C4171FDCE4001CF16B /* icon2.png in Resources */ = {isa = PBXBuildFile; fileRef = 3CA276B6171FDCE4001CF16B /* icon2.png */; };
		3CA276C5171FDCE4001CF16B /* icon3.png in Resources */ = {isa = PBXBuildFile; fileRef = 3CA276B7171FDCE4001CF16B /* icon3.png */; };
		3CA276C6171FDCE4001CF16B /* icon4.png in Resources */ = {isa = PBXBuildFile; fileRef = 3CA276B8171FDCE4001CF16B /* icon4.png */; };
		3CA276C7171FDCE4001CF16B /* icon5.png in Resources */ = {isa = PBXBuildFile; fileRef = 3CA276B9171FDCE4001CF16B /* icon5.png */; };
		3CA276C8171FDCE4001CF16B /* icon6.png in Resources */ = {isa = PBXBuildFile; fileRef = 3CA276BA171FDCE4001CF16B /* icon6.png */; };
		3CA276C9171FDCE4001CF16B /* icon7.png in Resources */ = {isa = PBXBuildFile; fileRef = 3CA276BB171FDCE4001CF16B /* icon7.png */; };
		3CA276CA171FDCE4001CF16B /* knob.png in Resources */ = {isa = PBXBuildFile; fileRef = 3CA276BC171FDCE4001CF16B /* knob.png */; };
		3CA276CB171FDCE4001CF16B /* mask copy.png in Resources */ = {isa = PBXBuildFile; fileRef = 3CA276BD171FDCE4001CF16B /* mask copy.png */; };
		3CA276CC171FDCE4001CF16B /* mask.png in Resources */ = {isa = PBXBuildFile; fileRef = 3CA276BE171FDCE4001CF16B /* mask.png */; };
		3CA276CD171FDCE4001CF16B /* segment.png in Resources */ = {isa = PBXBuildFile; fileRef = 3CA276BF171FDCE4001CF16B /* segment.png */; };
/* End PBXBuildFile section */

/* Begin PBXFileReference section */
		3CA2767F171FB654001CF16B /* QFIWheel0.1.app */ = {isa = PBXFileReference; explicitFileType = wrapper.application; includeInIndex = 0; path = QFIWheel0.1.app; sourceTree = BUILT_PRODUCTS_DIR; };
		3CA27682171FB655001CF16B /* UIKit.framework */ = {isa = PBXFileReference; lastKnownFileType = wrapper.framework; name = UIKit.framework; path = System/Library/Frameworks/UIKit.framework; sourceTree = SDKROOT; };
		3CA27684171FB655001CF16B /* Foundation.framework */ = {isa = PBXFileReference; lastKnownFileType = wrapper.framework; name = Foundation.framework; path = System/Library/Frameworks/Foundation.framework; sourceTree = SDKROOT; };
		3CA27686171FB655001CF16B /* CoreGraphics.framework */ = {isa = PBXFileReference; lastKnownFileType = wrapper.framework; name = CoreGraphics.framework; path = System/Library/Frameworks/CoreGraphics.framework; sourceTree = SDKROOT; };
		3CA2768A171FB655001CF16B /* QFIWheel0.1-Info.plist */ = {isa = PBXFileReference; lastKnownFileType = text.plist.xml; path = "QFIWheel0.1-Info.plist"; sourceTree = "<group>"; };
		3CA2768C171FB655001CF16B /* en */ = {isa = PBXFileReference; lastKnownFileType = text.plist.strings; name = en; path = en.lproj/InfoPlist.strings; sourceTree = "<group>"; };
		3CA2768E171FB655001CF16B /* main.m */ = {isa = PBXFileReference; lastKnownFileType = sourcecode.c.objc; path = main.m; sourceTree = "<group>"; };
		3CA27690171FB655001CF16B /* QFIWheel0.1-Prefix.pch */ = {isa = PBXFileReference; lastKnownFileType = sourcecode.c.h; path = "QFIWheel0.1-Prefix.pch"; sourceTree = "<group>"; };
		3CA27691171FB655001CF16B /* AppDelegate.h */ = {isa = PBXFileReference; lastKnownFileType = sourcecode.c.h; path = AppDelegate.h; sourceTree = "<group>"; };
		3CA27692171FB655001CF16B /* AppDelegate.m */ = {isa = PBXFileReference; lastKnownFileType = sourcecode.c.objc; path = AppDelegate.m; sourceTree = "<group>"; };
		3CA27694171FB655001CF16B /* Default.png */ = {isa = PBXFileReference; lastKnownFileType = image.png; path = Default.png; sourceTree = "<group>"; };
		3CA27696171FB655001CF16B /* Default@2x.png */ = {isa = PBXFileReference; lastKnownFileType = image.png; path = "Default@2x.png"; sourceTree = "<group>"; };
		3CA27698171FB655001CF16B /* Default-568h@2x.png */ = {isa = PBXFileReference; lastKnownFileType = image.png; path = "Default-568h@2x.png"; sourceTree = "<group>"; };
		3CA2769A171FB655001CF16B /* ViewController.h */ = {isa = PBXFileReference; lastKnownFileType = sourcecode.c.h; path = ViewController.h; sourceTree = "<group>"; };
		3CA2769B171FB655001CF16B /* ViewController.m */ = {isa = PBXFileReference; lastKnownFileType = sourcecode.c.objc; path = ViewController.m; sourceTree = "<group>"; };
		3CA2769E171FB655001CF16B /* en */ = {isa = PBXFileReference; lastKnownFileType = file.xib; name = en; path = en.lproj/ViewController_iPhone.xib; sourceTree = "<group>"; };
		3CA276A1171FB655001CF16B /* en */ = {isa = PBXFileReference; lastKnownFileType = file.xib; name = en; path = en.lproj/ViewController_iPad.xib; sourceTree = "<group>"; };
		3CA276A8171FB771001CF16B /* QCRI-ALTRotaryWheel.h */ = {isa = PBXFileReference; fileEncoding = 4; lastKnownFileType = sourcecode.c.h; path = "QCRI-ALTRotaryWheel.h"; sourceTree = "<group>"; };
		3CA276A9171FB771001CF16B /* QCRI-ALTRotaryWheel.m */ = {isa = PBXFileReference; fileEncoding = 4; lastKnownFileType = sourcecode.c.objc; path = "QCRI-ALTRotaryWheel.m"; sourceTree = "<group>"; };
		3CA276AB171FB7C8001CF16B /* QCRI-ALTRotaryProtocol.h */ = {isa = PBXFileReference; lastKnownFileType = sourcecode.c.h; name = "QCRI-ALTRotaryProtocol.h"; path = "../QCRI-ALTRotaryProtocol.h"; sourceTree = "<group>"; };
		3CA276AC171FBBF4001CF16B /* QuartzCore.framework */ = {isa = PBXFileReference; lastKnownFileType = wrapper.framework; name = QuartzCore.framework; path = System/Library/Frameworks/QuartzCore.framework; sourceTree = SDKROOT; };
		3CA276AE171FD1F3001CF16B /* QCRI-ALTSector.h */ = {isa = PBXFileReference; fileEncoding = 4; lastKnownFileType = sourcecode.c.h; name = "QCRI-ALTSector.h"; path = "../QCRI-ALTSector.h"; sourceTree = "<group>"; };
		3CA276AF171FD1F3001CF16B /* QCRI-ALTSector.m */ = {isa = PBXFileReference; fileEncoding = 4; lastKnownFileType = sourcecode.c.objc; name = "QCRI-ALTSector.m"; path = "../QCRI-ALTSector.m"; sourceTree = "<group>"; };
		3CA276B2171FDCE4001CF16B /* bg.png */ = {isa = PBXFileReference; lastKnownFileType = image.png; path = bg.png; sourceTree = "<group>"; };
		3CA276B3171FDCE4001CF16B /* centerButton.png */ = {isa = PBXFileReference; lastKnownFileType = image.png; path = centerButton.png; sourceTree = "<group>"; };
		3CA276B4171FDCE4001CF16B /* icon0.png */ = {isa = PBXFileReference; lastKnownFileType = image.png; path = icon0.png; sourceTree = "<group>"; };
		3CA276B5171FDCE4001CF16B /* icon1.png */ = {isa = PBXFileReference; lastKnownFileType = image.png; path = icon1.png; sourceTree = "<group>"; };
		3CA276B6171FDCE4001CF16B /* icon2.png */ = {isa = PBXFileReference; lastKnownFileType = image.png; path = icon2.png; sourceTree = "<group>"; };
		3CA276B7171FDCE4001CF16B /* icon3.png */ = {isa = PBXFileReference; lastKnownFileType = image.png; path = icon3.png; sourceTree = "<group>"; };
		3CA276B8171FDCE4001CF16B /* icon4.png */ = {isa = PBXFileReference; lastKnownFileType = image.png; path = icon4.png; sourceTree = "<group>"; };
		3CA276B9171FDCE4001CF16B /* icon5.png */ = {isa = PBXFileReference; lastKnownFileType = image.png; path = icon5.png; sourceTree = "<group>"; };
		3CA276BA171FDCE4001CF16B /* icon6.png */ = {isa = PBXFileReference; lastKnownFileType = image.png; path = icon6.png; sourceTree = "<group>"; };
		3CA276BB171FDCE4001CF16B /* icon7.png */ = {isa = PBXFileReference; lastKnownFileType = image.png; path = icon7.png; sourceTree = "<group>"; };
		3CA276BC171FDCE4001CF16B /* knob.png */ = {isa = PBXFileReference; lastKnownFileType = image.png; path = knob.png; sourceTree = "<group>"; };
		3CA276BD171FDCE4001CF16B /* mask copy.png */ = {isa = PBXFileReference; lastKnownFileType = image.png; path = "mask copy.png"; sourceTree = "<group>"; };
		3CA276BE171FDCE4001CF16B /* mask.png */ = {isa = PBXFileReference; lastKnownFileType = image.png; path = mask.png; sourceTree = "<group>"; };
		3CA276BF171FDCE4001CF16B /* segment.png */ = {isa = PBXFileReference; lastKnownFileType = image.png; path = segment.png; sourceTree = "<group>"; };
/* End PBXFileReference section */

/* Begin PBXFrameworksBuildPhase section */
		3CA2767C171FB654001CF16B /* Frameworks */ = {
			isa = PBXFrameworksBuildPhase;
			buildActionMask = 2147483647;
			files = (
				3CA276AD171FBBF4001CF16B /* QuartzCore.framework in Frameworks */,
				3CA27683171FB655001CF16B /* UIKit.framework in Frameworks */,
				3CA27685171FB655001CF16B /* Foundation.framework in Frameworks */,
				3CA27687171FB655001CF16B /* CoreGraphics.framework in Frameworks */,
			);
			runOnlyForDeploymentPostprocessing = 0;
		};
/* End PBXFrameworksBuildPhase section */

/* Begin PBXGroup section */
		3CA27676171FB654001CF16B = {
			isa = PBXGroup;
			children = (
				3CA276B1171FDCE4001CF16B /* SMRotaryWheelArt */,
				3CA27688171FB655001CF16B /* QFIWheel0.1 */,
				3CA27681171FB654001CF16B /* Frameworks */,
				3CA27680171FB654001CF16B /* Products */,
			);
			sourceTree = "<group>";
		};
		3CA27680171FB654001CF16B /* Products */ = {
			isa = PBXGroup;
			children = (
				3CA2767F171FB654001CF16B /* QFIWheel0.1.app */,
			);
			name = Products;
			sourceTree = "<group>";
		};
		3CA27681171FB654001CF16B /* Frameworks */ = {
			isa = PBXGroup;
			children = (
				3CA276AC171FBBF4001CF16B /* QuartzCore.framework */,
				3CA27682171FB655001CF16B /* UIKit.framework */,
				3CA27684171FB655001CF16B /* Foundation.framework */,
				3CA27686171FB655001CF16B /* CoreGraphics.framework */,
			);
			name = Frameworks;
			sourceTree = "<group>";
		};
		3CA27688171FB655001CF16B /* QFIWheel0.1 */ = {
			isa = PBXGroup;
			children = (
				3CA276A8171FB771001CF16B /* QCRI-ALTRotaryWheel.h */,
				3CA276AE171FD1F3001CF16B /* QCRI-ALTSector.h */,
				3CA276AF171FD1F3001CF16B /* QCRI-ALTSector.m */,
				3CA276AB171FB7C8001CF16B /* QCRI-ALTRotaryProtocol.h */,
				3CA276A9171FB771001CF16B /* QCRI-ALTRotaryWheel.m */,
				3CA27691171FB655001CF16B /* AppDelegate.h */,
				3CA27692171FB655001CF16B /* AppDelegate.m */,
				3CA2769A171FB655001CF16B /* ViewController.h */,
				3CA2769B171FB655001CF16B /* ViewController.m */,
				3CA2769D171FB655001CF16B /* ViewController_iPhone.xib */,
				3CA276A0171FB655001CF16B /* ViewController_iPad.xib */,
				3CA27689171FB655001CF16B /* Supporting Files */,
			);
			path = QFIWheel0.1;
			sourceTree = "<group>";
		};
		3CA27689171FB655001CF16B /* Supporting Files */ = {
			isa = PBXGroup;
			children = (
				3CA2768A171FB655001CF16B /* QFIWheel0.1-Info.plist */,
				3CA2768B171FB655001CF16B /* InfoPlist.strings */,
				3CA2768E171FB655001CF16B /* main.m */,
				3CA27690171FB655001CF16B /* QFIWheel0.1-Prefix.pch */,
				3CA27694171FB655001CF16B /* Default.png */,
				3CA27696171FB655001CF16B /* Default@2x.png */,
				3CA27698171FB655001CF16B /* Default-568h@2x.png */,
			);
			name = "Supporting Files";
			sourceTree = "<group>";
		};
		3CA276B1171FDCE4001CF16B /* SMRotaryWheelArt */ = {
			isa = PBXGroup;
			children = (
				3CA276B2171FDCE4001CF16B /* bg.png */,
				3CA276B3171FDCE4001CF16B /* centerButton.png */,
				3CA276B4171FDCE4001CF16B /* icon0.png */,
				3CA276B5171FDCE4001CF16B /* icon1.png */,
				3CA276B6171FDCE4001CF16B /* icon2.png */,
				3CA276B7171FDCE4001CF16B /* icon3.png */,
				3CA276B8171FDCE4001CF16B /* icon4.png */,
				3CA276B9171FDCE4001CF16B /* icon5.png */,
				3CA276BA171FDCE4001CF16B /* icon6.png */,
				3CA276BB171FDCE4001CF16B /* icon7.png */,
				3CA276BC171FDCE4001CF16B /* knob.png */,
				3CA276BD171FDCE4001CF16B /* mask copy.png */,
				3CA276BE171FDCE4001CF16B /* mask.png */,
				3CA276BF171FDCE4001CF16B /* segment.png */,
			);
			name = SMRotaryWheelArt;
			path = ../../Downloads/SMRotaryWheelArt;
			sourceTree = "<group>";
		};
/* End PBXGroup section */

/* Begin PBXNativeTarget section */
		3CA2767E171FB654001CF16B /* QFIWheel0.1 */ = {
			isa = PBXNativeTarget;
			buildConfigurationList = 3CA276A5171FB655001CF16B /* Build configuration list for PBXNativeTarget "QFIWheel0.1" */;
			buildPhases = (
				3CA2767B171FB654001CF16B /* Sources */,
				3CA2767C171FB654001CF16B /* Frameworks */,
				3CA2767D171FB654001CF16B /* Resources */,
			);
			buildRules = (
			);
			dependencies = (
			);
			name = QFIWheel0.1;
			productName = QFIWheel0.1;
			productReference = 3CA2767F171FB654001CF16B /* QFIWheel0.1.app */;
			productType = "com.apple.product-type.application";
		};
/* End PBXNativeTarget section */

/* Begin PBXProject section */
		3CA27677171FB654001CF16B /* Project object */ = {
			isa = PBXProject;
			attributes = {
				LastUpgradeCheck = 0460;
				ORGANIZATIONNAME = "Hind Almerekhi";
			};
			buildConfigurationList = 3CA2767A171FB654001CF16B /* Build configuration list for PBXProject "QFIWheel0.1" */;
			compatibilityVersion = "Xcode 3.2";
			developmentRegion = English;
			hasScannedForEncodings = 0;
			knownRegions = (
				en,
			);
			mainGroup = 3CA27676171FB654001CF16B;
			productRefGroup = 3CA27680171FB654001CF16B /* Products */;
			projectDirPath = "";
			projectRoot = "";
			targets = (
				3CA2767E171FB654001CF16B /* QFIWheel0.1 */,
			);
		};
/* End PBXProject section */

/* Begin PBXResourcesBuildPhase section */
		3CA2767D171FB654001CF16B /* Resources */ = {
			isa = PBXResourcesBuildPhase;
			buildActionMask = 2147483647;
			files = (
				3CA2768D171FB655001CF16B /* InfoPlist.strings in Resources */,
				3CA27695171FB655001CF16B /* Default.png in Resources */,
				3CA27697171FB655001CF16B /* Default@2x.png in Resources */,
				3CA27699171FB655001CF16B /* Default-568h@2x.png in Resources */,
				3CA2769F171FB655001CF16B /* ViewController_iPhone.xib in Resources */,
				3CA276A2171FB655001CF16B /* ViewController_iPad.xib in Resources */,
				3CA276C0171FDCE4001CF16B /* bg.png in Resources */,
				3CA276C1171FDCE4001CF16B /* centerButton.png in Resources */,
				3CA276C2171FDCE4001CF16B /* icon0.png in Resources */,
				3CA276C3171FDCE4001CF16B /* icon1.png in Resources */,
				3CA276C4171FDCE4001CF16B /* icon2.png in Resources */,
				3CA276C5171FDCE4001CF16B /* icon3.png in Resources */,
				3CA276C6171FDCE4001CF16B /* icon4.png in Resources */,
				3CA276C7171FDCE4001CF16B /* icon5.png in Resources */,
				3CA276C8171FDCE4001CF16B /* icon6.png in Resources */,
				3CA276C9171FDCE4001CF16B /* icon7.png in Resources */,
				3CA276CA171FDCE4001CF16B /* knob.png in Resources */,
				3CA276CB171FDCE4001CF16B /* mask copy.png in Resources */,
				3CA276CC171FDCE4001CF16B /* mask.png in Resources */,
				3CA276CD171FDCE4001CF16B /* segment.png in Resources */,
			);
			runOnlyForDeploymentPostprocessing = 0;
		};
/* End PBXResourcesBuildPhase section */

/* Begin PBXSourcesBuildPhase section */
		3CA2767B171FB654001CF16B /* Sources */ = {
			isa = PBXSourcesBuildPhase;
			buildActionMask = 2147483647;
			files = (
				3CA2768F171FB655001CF16B /* main.m in Sources */,
				3CA27693171FB655001CF16B /* AppDelegate.m in Sources */,
				3CA2769C171FB655001CF16B /* ViewController.m in Sources */,
				3CA276AA171FB771001CF16B /* QCRI-ALTRotaryWheel.m in Sources */,
				3CA276B0171FD1F3001CF16B /* QCRI-ALTSector.m in Sources */,
			);
			runOnlyForDeploymentPostprocessing = 0;
		};
/* End PBXSourcesBuildPhase section */

/* Begin PBXVariantGroup section */
		3CA2768B171FB655001CF16B /* InfoPlist.strings */ = {
			isa = PBXVariantGroup;
			children = (
				3CA2768C171FB655001CF16B /* en */,
			);
			name = InfoPlist.strings;
			sourceTree = "<group>";
		};
		3CA2769D171FB655001CF16B /* ViewController_iPhone.xib */ = {
			isa = PBXVariantGroup;
			children = (
				3CA2769E171FB655001CF16B /* en */,
			);
			name = ViewController_iPhone.xib;
			sourceTree = "<group>";
		};
		3CA276A0171FB655001CF16B /* ViewController_iPad.xib */ = {
			isa = PBXVariantGroup;
			children = (
				3CA276A1171FB655001CF16B /* en */,
			);
			name = ViewController_iPad.xib;
			sourceTree = "<group>";
		};
/* End PBXVariantGroup section */

/* Begin XCBuildConfiguration section */
		3CA276A3171FB655001CF16B /* Debug */ = {
			isa = XCBuildConfiguration;
			buildSettings = {
				ALWAYS_SEARCH_USER_PATHS = NO;
				CLANG_CXX_LANGUAGE_STANDARD = "gnu++0x";
				CLANG_CXX_LIBRARY = "libc++";
				CLANG_ENABLE_OBJC_ARC = YES;
				CLANG_WARN_CONSTANT_CONVERSION = YES;
				CLANG_WARN_EMPTY_BODY = YES;
				CLANG_WARN_ENUM_CONVERSION = YES;
				CLANG_WARN_INT_CONVERSION = YES;
				CLANG_WARN__DUPLICATE_METHOD_MATCH = YES;
				"CODE_SIGN_IDENTITY[sdk=iphoneos*]" = "iPhone Developer";
				COPY_PHASE_STRIP = NO;
				GCC_C_LANGUAGE_STANDARD = gnu99;
				GCC_DYNAMIC_NO_PIC = NO;
				GCC_OPTIMIZATION_LEVEL = 0;
				GCC_PREPROCESSOR_DEFINITIONS = (
					"DEBUG=1",
					"$(inherited)",
				);
				GCC_SYMBOLS_PRIVATE_EXTERN = NO;
				GCC_WARN_ABOUT_RETURN_TYPE = YES;
				GCC_WARN_UNINITIALIZED_AUTOS = YES;
				GCC_WARN_UNUSED_VARIABLE = YES;
				IPHONEOS_DEPLOYMENT_TARGET = 6.1;
				ONLY_ACTIVE_ARCH = YES;
				SDKROOT = iphoneos;
				TARGETED_DEVICE_FAMILY = "1,2";
			};
			name = Debug;
		};
		3CA276A4171FB655001CF16B /* Release */ = {
			isa = XCBuildConfiguration;
			buildSettings = {
				ALWAYS_SEARCH_USER_PATHS = NO;
				CLANG_CXX_LANGUAGE_STANDARD = "gnu++0x";
				CLANG_CXX_LIBRARY = "libc++";
				CLANG_ENABLE_OBJC_ARC = YES;
				CLANG_WARN_CONSTANT_CONVERSION = YES;
				CLANG_WARN_EMPTY_BODY = YES;
				CLANG_WARN_ENUM_CONVERSION = YES;
				CLANG_WARN_INT_CONVERSION = YES;
				CLANG_WARN__DUPLICATE_METHOD_MATCH = YES;
				"CODE_SIGN_IDENTITY[sdk=iphoneos*]" = "iPhone Developer";
				COPY_PHASE_STRIP = YES;
				GCC_C_LANGUAGE_STANDARD = gnu99;
				GCC_WARN_ABOUT_RETURN_TYPE = YES;
				GCC_WARN_UNINITIALIZED_AUTOS = YES;
				GCC_WARN_UNUSED_VARIABLE = YES;
				IPHONEOS_DEPLOYMENT_TARGET = 6.1;
				OTHER_CFLAGS = "-DNS_BLOCK_ASSERTIONS=1";
				SDKROOT = iphoneos;
				TARGETED_DEVICE_FAMILY = "1,2";
				VALIDATE_PRODUCT = YES;
			};
			name = Release;
		};
		3CA276A6171FB655001CF16B /* Debug */ = {
			isa = XCBuildConfiguration;
			buildSettings = {
				GCC_PRECOMPILE_PREFIX_HEADER = YES;
				GCC_PREFIX_HEADER = "QFIWheel0.1/QFIWheel0.1-Prefix.pch";
				INFOPLIST_FILE = "QFIWheel0.1/QFIWheel0.1-Info.plist";
				PRODUCT_NAME = "$(TARGET_NAME)";
				WRAPPER_EXTENSION = app;
			};
			name = Debug;
		};
		3CA276A7171FB655001CF16B /* Release */ = {
			isa = XCBuildConfiguration;
			buildSettings = {
				GCC_PRECOMPILE_PREFIX_HEADER = YES;
				GCC_PREFIX_HEADER = "QFIWheel0.1/QFIWheel0.1-Prefix.pch";
				INFOPLIST_FILE = "QFIWheel0.1/QFIWheel0.1-Info.plist";
				PRODUCT_NAME = "$(TARGET_NAME)";
				WRAPPER_EXTENSION = app;
			};
			name = Release;
		};
/* End XCBuildConfiguration section */

/* Begin XCConfigurationList section */
		3CA2767A171FB654001CF16B /* Build configuration list for PBXProject "QFIWheel0.1" */ = {
			isa = XCConfigurationList;
			buildConfigurations = (
				3CA276A3171FB655001CF16B /* Debug */,
				3CA276A4171FB655001CF16B /* Release */,
			);
			defaultConfigurationIsVisible = 0;
			defaultConfigurationName = Release;
		};
		3CA276A5171FB655001CF16B /* Build configuration list for PBXNativeTarget "QFIWheel0.1" */ = {
			isa = XCConfigurationList;
			buildConfigurations = (
				3CA276A6171FB655001CF16B /* Debug */,
				3CA276A7171FB655001CF16B /* Release */,
			);
			defaultConfigurationIsVisible = 0;
		};
/* End XCConfigurationList section */
	};
	rootObject = 3CA27677171FB654001CF16B /* Project object */;
}
